// !$*UTF8*$!
{
	archiveVersion = 1;
	classes = {
	};
	objectVersion = 56;
	objects = {

/* Begin PBXBuildFile section */
		CCC3F26D2B5E246100A20138 /* AppDelegate.swift in Sources */ = {isa = PBXBuildFile; fileRef = CCC3F26C2B5E246100A20138 /* AppDelegate.swift */; };
		CCC3F26F2B5E246100A20138 /* SceneDelegate.swift in Sources */ = {isa = PBXBuildFile; fileRef = CCC3F26E2B5E246100A20138 /* SceneDelegate.swift */; };
		CCC3F2712B5E246100A20138 /* ViewController.swift in Sources */ = {isa = PBXBuildFile; fileRef = CCC3F2702B5E246100A20138 /* ViewController.swift */; };
		CCC3F2742B5E246100A20138 /* Main.storyboard in Resources */ = {isa = PBXBuildFile; fileRef = CCC3F2722B5E246100A20138 /* Main.storyboard */; };
		CCC3F2762B5E246200A20138 /* Assets.xcassets in Resources */ = {isa = PBXBuildFile; fileRef = CCC3F2752B5E246200A20138 /* Assets.xcassets */; };
		CCC3F2792B5E246200A20138 /* LaunchScreen.storyboard in Resources */ = {isa = PBXBuildFile; fileRef = CCC3F2772B5E246200A20138 /* LaunchScreen.storyboard */; };
		CCC3F2842B5E246200A20138 /* TicTocToeTests.swift in Sources */ = {isa = PBXBuildFile; fileRef = CCC3F2832B5E246200A20138 /* TicTocToeTests.swift */; };
		CCC3F28E2B5E246200A20138 /* TicTocToeUITests.swift in Sources */ = {isa = PBXBuildFile; fileRef = CCC3F28D2B5E246200A20138 /* TicTocToeUITests.swift */; };
		CCC3F2902B5E246200A20138 /* TicTocToeUITestsLaunchTests.swift in Sources */ = {isa = PBXBuildFile; fileRef = CCC3F28F2B5E246200A20138 /* TicTocToeUITestsLaunchTests.swift */; };
/* End PBXBuildFile section */

/* Begin PBXContainerItemProxy section */
		CCC3F2802B5E246200A20138 /* PBXContainerItemProxy */ = {
			isa = PBXContainerItemProxy;
			containerPortal = CCC3F2612B5E246100A20138 /* Project object */;
			proxyType = 1;
			remoteGlobalIDString = CCC3F2682B5E246100A20138;
			remoteInfo = TicTocToe;
		};
		CCC3F28A2B5E246200A20138 /* PBXContainerItemProxy */ = {
			isa = PBXContainerItemProxy;
			containerPortal = CCC3F2612B5E246100A20138 /* Project object */;
			proxyType = 1;
			remoteGlobalIDString = CCC3F2682B5E246100A20138;
			remoteInfo = TicTocToe;
		};
/* End PBXContainerItemProxy section */

/* Begin PBXFileReference section */
		CCC3F2692B5E246100A20138 /* TicTocToe.app */ = {isa = PBXFileReference; explicitFileType = wrapper.application; includeInIndex = 0; path = TicTocToe.app; sourceTree = BUILT_PRODUCTS_DIR; };
		CCC3F26C2B5E246100A20138 /* AppDelegate.swift */ = {isa = PBXFileReference; lastKnownFileType = sourcecode.swift; path = AppDelegate.swift; sourceTree = "<group>"; };
		CCC3F26E2B5E246100A20138 /* SceneDelegate.swift */ = {isa = PBXFileReference; lastKnownFileType = sourcecode.swift; path = SceneDelegate.swift; sourceTree = "<group>"; };
		CCC3F2702B5E246100A20138 /* ViewController.swift */ = {isa = PBXFileReference; lastKnownFileType = sourcecode.swift; path = ViewController.swift; sourceTree = "<group>"; };
		CCC3F2732B5E246100A20138 /* Base */ = {isa = PBXFileReference; lastKnownFileType = file.storyboard; name = Base; path = Base.lproj/Main.storyboard; sourceTree = "<group>"; };
		CCC3F2752B5E246200A20138 /* Assets.xcassets */ = {isa = PBXFileReference; lastKnownFileType = folder.assetcatalog; path = Assets.xcassets; sourceTree = "<group>"; };
		CCC3F2782B5E246200A20138 /* Base */ = {isa = PBXFileReference; lastKnownFileType = file.storyboard; name = Base; path = Base.lproj/LaunchScreen.storyboard; sourceTree = "<group>"; };
		CCC3F27A2B5E246200A20138 /* Info.plist */ = {isa = PBXFileReference; lastKnownFileType = text.plist.xml; path = Info.plist; sourceTree = "<group>"; };
		CCC3F27F2B5E246200A20138 /* TicTocToeTests.xctest */ = {isa = PBXFileReference; explicitFileType = wrapper.cfbundle; includeInIndex = 0; path = TicTocToeTests.xctest; sourceTree = BUILT_PRODUCTS_DIR; };
		CCC3F2832B5E246200A20138 /* TicTocToeTests.swift */ = {isa = PBXFileReference; lastKnownFileType = sourcecode.swift; path = TicTocToeTests.swift; sourceTree = "<group>"; };
		CCC3F2892B5E246200A20138 /* TicTocToeUITests.xctest */ = {isa = PBXFileReference; explicitFileType = wrapper.cfbundle; includeInIndex = 0; path = TicTocToeUITests.xctest; sourceTree = BUILT_PRODUCTS_DIR; };
		CCC3F28D2B5E246200A20138 /* TicTocToeUITests.swift */ = {isa = PBXFileReference; lastKnownFileType = sourcecode.swift; path = TicTocToeUITests.swift; sourceTree = "<group>"; };
		CCC3F28F2B5E246200A20138 /* TicTocToeUITestsLaunchTests.swift */ = {isa = PBXFileReference; lastKnownFileType = sourcecode.swift; path = TicTocToeUITestsLaunchTests.swift; sourceTree = "<group>"; };
/* End PBXFileReference section */

/* Begin PBXFrameworksBuildPhase section */
		CCC3F2662B5E246100A20138 /* Frameworks */ = {
			isa = PBXFrameworksBuildPhase;
			buildActionMask = 2147483647;
			files = (
			);
			runOnlyForDeploymentPostprocessing = 0;
		};
		CCC3F27C2B5E246200A20138 /* Frameworks */ = {
			isa = PBXFrameworksBuildPhase;
			buildActionMask = 2147483647;
			files = (
			);
			runOnlyForDeploymentPostprocessing = 0;
		};
		CCC3F2862B5E246200A20138 /* Frameworks */ = {
			isa = PBXFrameworksBuildPhase;
			buildActionMask = 2147483647;
			files = (
			);
			runOnlyForDeploymentPostprocessing = 0;
		};
/* End PBXFrameworksBuildPhase section */

/* Begin PBXGroup section */
		CCC3F2602B5E246100A20138 = {
			isa = PBXGroup;
			children = (
				CCC3F26B2B5E246100A20138 /* TicTocToe */,
				CCC3F2822B5E246200A20138 /* TicTocToeTests */,
				CCC3F28C2B5E246200A20138 /* TicTocToeUITests */,
				CCC3F26A2B5E246100A20138 /* Products */,
			);
			sourceTree = "<group>";
		};
		CCC3F26A2B5E246100A20138 /* Products */ = {
			isa = PBXGroup;
			children = (
				CCC3F2692B5E246100A20138 /* TicTocToe.app */,
				CCC3F27F2B5E246200A20138 /* TicTocToeTests.xctest */,
				CCC3F2892B5E246200A20138 /* TicTocToeUITests.xctest */,
			);
			name = Products;
			sourceTree = "<group>";
		};
		CCC3F26B2B5E246100A20138 /* TicTocToe */ = {
			isa = PBXGroup;
			children = (
				CCC3F26C2B5E246100A20138 /* AppDelegate.swift */,
				CCC3F26E2B5E246100A20138 /* SceneDelegate.swift */,
				CCC3F2702B5E246100A20138 /* ViewController.swift */,
				CCC3F2722B5E246100A20138 /* Main.storyboard */,
				CCC3F2752B5E246200A20138 /* Assets.xcassets */,
				CCC3F2772B5E246200A20138 /* LaunchScreen.storyboard */,
				CCC3F27A2B5E246200A20138 /* Info.plist */,
			);
			path = TicTocToe;
			sourceTree = "<group>";
		};
		CCC3F2822B5E246200A20138 /* TicTocToeTests */ = {
			isa = PBXGroup;
			children = (
				CCC3F2832B5E246200A20138 /* TicTocToeTests.swift */,
			);
			path = TicTocToeTests;
			sourceTree = "<group>";
		};
		CCC3F28C2B5E246200A20138 /* TicTocToeUITests */ = {
			isa = PBXGroup;
			children = (
				CCC3F28D2B5E246200A20138 /* TicTocToeUITests.swift */,
				CCC3F28F2B5E246200A20138 /* TicTocToeUITestsLaunchTests.swift */,
			);
			path = TicTocToeUITests;
			sourceTree = "<group>";
		};
/* End PBXGroup section */

/* Begin PBXNativeTarget section */
		CCC3F2682B5E246100A20138 /* TicTocToe */ = {
			isa = PBXNativeTarget;
			buildConfigurationList = CCC3F2932B5E246200A20138 /* Build configuration list for PBXNativeTarget "TicTocToe" */;
			buildPhases = (
				CCC3F2652B5E246100A20138 /* Sources */,
				CCC3F2662B5E246100A20138 /* Frameworks */,
				CCC3F2672B5E246100A20138 /* Resources */,
			);
			buildRules = (
			);
			dependencies = (
			);
			name = TicTocToe;
			productName = TicTocToe;
			productReference = CCC3F2692B5E246100A20138 /* TicTocToe.app */;
			productType = "com.apple.product-type.application";
		};
		CCC3F27E2B5E246200A20138 /* TicTocToeTests */ = {
			isa = PBXNativeTarget;
			buildConfigurationList = CCC3F2962B5E246200A20138 /* Build configuration list for PBXNativeTarget "TicTocToeTests" */;
			buildPhases = (
				CCC3F27B2B5E246200A20138 /* Sources */,
				CCC3F27C2B5E246200A20138 /* Frameworks */,
				CCC3F27D2B5E246200A20138 /* Resources */,
			);
			buildRules = (
			);
			dependencies = (
				CCC3F2812B5E246200A20138 /* PBXTargetDependency */,
			);
			name = TicTocToeTests;
			productName = TicTocToeTests;
			productReference = CCC3F27F2B5E246200A20138 /* TicTocToeTests.xctest */;
			productType = "com.apple.product-type.bundle.unit-test";
		};
		CCC3F2882B5E246200A20138 /* TicTocToeUITests */ = {
			isa = PBXNativeTarget;
			buildConfigurationList = CCC3F2992B5E246200A20138 /* Build configuration list for PBXNativeTarget "TicTocToeUITests" */;
			buildPhases = (
				CCC3F2852B5E246200A20138 /* Sources */,
				CCC3F2862B5E246200A20138 /* Frameworks */,
				CCC3F2872B5E246200A20138 /* Resources */,
			);
			buildRules = (
			);
			dependencies = (
				CCC3F28B2B5E246200A20138 /* PBXTargetDependency */,
			);
			name = TicTocToeUITests;
			productName = TicTocToeUITests;
			productReference = CCC3F2892B5E246200A20138 /* TicTocToeUITests.xctest */;
			productType = "com.apple.product-type.bundle.ui-testing";
		};
/* End PBXNativeTarget section */

/* Begin PBXProject section */
		CCC3F2612B5E246100A20138 /* Project object */ = {
			isa = PBXProject;
			attributes = {
				BuildIndependentTargetsInParallel = 1;
				KnownAssetTags = (
					2,
				);
				LastSwiftUpdateCheck = 1520;
				LastUpgradeCheck = 1520;
				TargetAttributes = {
					CCC3F2682B5E246100A20138 = {
						CreatedOnToolsVersion = 15.2;
					};
					CCC3F27E2B5E246200A20138 = {
						CreatedOnToolsVersion = 15.2;
						TestTargetID = CCC3F2682B5E246100A20138;
					};
					CCC3F2882B5E246200A20138 = {
						CreatedOnToolsVersion = 15.2;
						TestTargetID = CCC3F2682B5E246100A20138;
					};
				};
			};
			buildConfigurationList = CCC3F2642B5E246100A20138 /* Build configuration list for PBXProject "TicTocToe" */;
			compatibilityVersion = "Xcode 14.0";
			developmentRegion = en;
			hasScannedForEncodings = 0;
			knownRegions = (
				en,
				Base,
			);
			mainGroup = CCC3F2602B5E246100A20138;
			productRefGroup = CCC3F26A2B5E246100A20138 /* Products */;
			projectDirPath = "";
			projectRoot = "";
			targets = (
				CCC3F2682B5E246100A20138 /* TicTocToe */,
				CCC3F27E2B5E246200A20138 /* TicTocToeTests */,
				CCC3F2882B5E246200A20138 /* TicTocToeUITests */,
			);
		};
/* End PBXProject section */

/* Begin PBXResourcesBuildPhase section */
		CCC3F2672B5E246100A20138 /* Resources */ = {
			isa = PBXResourcesBuildPhase;
			buildActionMask = 2147483647;
			files = (
				CCC3F2792B5E246200A20138 /* LaunchScreen.storyboard in Resources */,
				CCC3F2762B5E246200A20138 /* Assets.xcassets in Resources */,
				CCC3F2742B5E246100A20138 /* Main.storyboard in Resources */,
			);
			runOnlyForDeploymentPostprocessing = 0;
		};
		CCC3F27D2B5E246200A20138 /* Resources */ = {
			isa = PBXResourcesBuildPhase;
			buildActionMask = 2147483647;
			files = (
			);
			runOnlyForDeploymentPostprocessing = 0;
		};
		CCC3F2872B5E246200A20138 /* Resources */ = {
			isa = PBXResourcesBuildPhase;
			buildActionMask = 2147483647;
			files = (
			);
			runOnlyForDeploymentPostprocessing = 0;
		};
/* End PBXResourcesBuildPhase section */

/* Begin PBXSourcesBuildPhase section */
		CCC3F2652B5E246100A20138 /* Sources */ = {
			isa = PBXSourcesBuildPhase;
			buildActionMask = 2147483647;
			files = (
				CCC3F2712B5E246100A20138 /* ViewController.swift in Sources */,
				CCC3F26D2B5E246100A20138 /* AppDelegate.swift in Sources */,
				CCC3F26F2B5E246100A20138 /* SceneDelegate.swift in Sources */,
			);
			runOnlyForDeploymentPostprocessing = 0;
		};
		CCC3F27B2B5E246200A20138 /* Sources */ = {
			isa = PBXSourcesBuildPhase;
			buildActionMask = 2147483647;
			files = (
				CCC3F2842B5E246200A20138 /* TicTocToeTests.swift in Sources */,
			);
			runOnlyForDeploymentPostprocessing = 0;
		};
		CCC3F2852B5E246200A20138 /* Sources */ = {
			isa = PBXSourcesBuildPhase;
			buildActionMask = 2147483647;
			files = (
				CCC3F28E2B5E246200A20138 /* TicTocToeUITests.swift in Sources */,
				CCC3F2902B5E246200A20138 /* TicTocToeUITestsLaunchTests.swift in Sources */,
			);
			runOnlyForDeploymentPostprocessing = 0;
		};
/* End PBXSourcesBuildPhase section */

/* Begin PBXTargetDependency section */
		CCC3F2812B5E246200A20138 /* PBXTargetDependency */ = {
			isa = PBXTargetDependency;
			target = CCC3F2682B5E246100A20138 /* TicTocToe */;
			targetProxy = CCC3F2802B5E246200A20138 /* PBXContainerItemProxy */;
		};
		CCC3F28B2B5E246200A20138 /* PBXTargetDependency */ = {
			isa = PBXTargetDependency;
			target = CCC3F2682B5E246100A20138 /* TicTocToe */;
			targetProxy = CCC3F28A2B5E246200A20138 /* PBXContainerItemProxy */;
		};
/* End PBXTargetDependency section */

/* Begin PBXVariantGroup section */
		CCC3F2722B5E246100A20138 /* Main.storyboard */ = {
			isa = PBXVariantGroup;
			children = (
				CCC3F2732B5E246100A20138 /* Base */,
			);
			name = Main.storyboard;
			sourceTree = "<group>";
		};
		CCC3F2772B5E246200A20138 /* LaunchScreen.storyboard */ = {
			isa = PBXVariantGroup;
			children = (
				CCC3F2782B5E246200A20138 /* Base */,
			);
			name = LaunchScreen.storyboard;
			sourceTree = "<group>";
		};
/* End PBXVariantGroup section */

/* Begin XCBuildConfiguration section */
		CCC3F2912B5E246200A20138 /* Debug */ = {
			isa = XCBuildConfiguration;
			buildSettings = {
				ALWAYS_SEARCH_USER_PATHS = NO;
				ASSETCATALOG_COMPILER_GENERATE_SWIFT_ASSET_SYMBOL_EXTENSIONS = YES;
				CLANG_ANALYZER_NONNULL = YES;
				CLANG_ANALYZER_NUMBER_OBJECT_CONVERSION = YES_AGGRESSIVE;
				CLANG_CXX_LANGUAGE_STANDARD = "gnu++20";
				CLANG_ENABLE_MODULES = YES;
				CLANG_ENABLE_OBJC_ARC = YES;
				CLANG_ENABLE_OBJC_WEAK = YES;
				CLANG_WARN_BLOCK_CAPTURE_AUTORELEASING = YES;
				CLANG_WARN_BOOL_CONVERSION = YES;
				CLANG_WARN_COMMA = YES;
				CLANG_WARN_CONSTANT_CONVERSION = YES;
				CLANG_WARN_DEPRECATED_OBJC_IMPLEMENTATIONS = YES;
				CLANG_WARN_DIRECT_OBJC_ISA_USAGE = YES_ERROR;
				CLANG_WARN_DOCUMENTATION_COMMENTS = YES;
				CLANG_WARN_EMPTY_BODY = YES;
				CLANG_WARN_ENUM_CONVERSION = YES;
				CLANG_WARN_INFINITE_RECURSION = YES;
				CLANG_WARN_INT_CONVERSION = YES;
				CLANG_WARN_NON_LITERAL_NULL_CONVERSION = YES;
				CLANG_WARN_OBJC_IMPLICIT_RETAIN_SELF = YES;
				CLANG_WARN_OBJC_LITERAL_CONVERSION = YES;
				CLANG_WARN_OBJC_ROOT_CLASS = YES_ERROR;
				CLANG_WARN_QUOTED_INCLUDE_IN_FRAMEWORK_HEADER = YES;
				CLANG_WARN_RANGE_LOOP_ANALYSIS = YES;
				CLANG_WARN_STRICT_PROTOTYPES = YES;
				CLANG_WARN_SUSPICIOUS_MOVE = YES;
				CLANG_WARN_UNGUARDED_AVAILABILITY = YES_AGGRESSIVE;
				CLANG_WARN_UNREACHABLE_CODE = YES;
				CLANG_WARN__DUPLICATE_METHOD_MATCH = YES;
				COPY_PHASE_STRIP = NO;
				DEBUG_INFORMATION_FORMAT = dwarf;
				ENABLE_STRICT_OBJC_MSGSEND = YES;
				ENABLE_TESTABILITY = YES;
				ENABLE_USER_SCRIPT_SANDBOXING = YES;
				GCC_C_LANGUAGE_STANDARD = gnu17;
				GCC_DYNAMIC_NO_PIC = NO;
				GCC_NO_COMMON_BLOCKS = YES;
				GCC_OPTIMIZATION_LEVEL = 0;
				GCC_PREPROCESSOR_DEFINITIONS = (
					"DEBUG=1",
					"$(inherited)",
				);
				GCC_WARN_64_TO_32_BIT_CONVERSION = YES;
				GCC_WARN_ABOUT_RETURN_TYPE = YES_ERROR;
				GCC_WARN_UNDECLARED_SELECTOR = YES;
				GCC_WARN_UNINITIALIZED_AUTOS = YES_AGGRESSIVE;
				GCC_WARN_UNUSED_FUNCTION = YES;
				GCC_WARN_UNUSED_VARIABLE = YES;
				IPHONEOS_DEPLOYMENT_TARGET = 17.2;
				LOCALIZATION_PREFERS_STRING_CATALOGS = YES;
				MTL_ENABLE_DEBUG_INFO = INCLUDE_SOURCE;
				MTL_FAST_MATH = YES;
				ONLY_ACTIVE_ARCH = YES;
				SDKROOT = iphoneos;
				SWIFT_ACTIVE_COMPILATION_CONDITIONS = "DEBUG $(inherited)";
				SWIFT_OPTIMIZATION_LEVEL = "-Onone";
			};
			name = Debug;
		};
		CCC3F2922B5E246200A20138 /* Release */ = {
			isa = XCBuildConfiguration;
			buildSettings = {
				ALWAYS_SEARCH_USER_PATHS = NO;
				ASSETCATALOG_COMPILER_GENERATE_SWIFT_ASSET_SYMBOL_EXTENSIONS = YES;
				CLANG_ANALYZER_NONNULL = YES;
				CLANG_ANALYZER_NUMBER_OBJECT_CONVERSION = YES_AGGRESSIVE;
				CLANG_CXX_LANGUAGE_STANDARD = "gnu++20";
				CLANG_ENABLE_MODULES = YES;
				CLANG_ENABLE_OBJC_ARC = YES;
				CLANG_ENABLE_OBJC_WEAK = YES;
				CLANG_WARN_BLOCK_CAPTURE_AUTORELEASING = YES;
				CLANG_WARN_BOOL_CONVERSION = YES;
				CLANG_WARN_COMMA = YES;
				CLANG_WARN_CONSTANT_CONVERSION = YES;
				CLANG_WARN_DEPRECATED_OBJC_IMPLEMENTATIONS = YES;
				CLANG_WARN_DIRECT_OBJC_ISA_USAGE = YES_ERROR;
				CLANG_WARN_DOCUMENTATION_COMMENTS = YES;
				CLANG_WARN_EMPTY_BODY = YES;
				CLANG_WARN_ENUM_CONVERSION = YES;
				CLANG_WARN_INFINITE_RECURSION = YES;
				CLANG_WARN_INT_CONVERSION = YES;
				CLANG_WARN_NON_LITERAL_NULL_CONVERSION = YES;
				CLANG_WARN_OBJC_IMPLICIT_RETAIN_SELF = YES;
				CLANG_WARN_OBJC_LITERAL_CONVERSION = YES;
				CLANG_WARN_OBJC_ROOT_CLASS = YES_ERROR;
				CLANG_WARN_QUOTED_INCLUDE_IN_FRAMEWORK_HEADER = YES;
				CLANG_WARN_RANGE_LOOP_ANALYSIS = YES;
				CLANG_WARN_STRICT_PROTOTYPES = YES;
				CLANG_WARN_SUSPICIOUS_MOVE = YES;
				CLANG_WARN_UNGUARDED_AVAILABILITY = YES_AGGRESSIVE;
				CLANG_WARN_UNREACHABLE_CODE = YES;
				CLANG_WARN__DUPLICATE_METHOD_MATCH = YES;
				COPY_PHASE_STRIP = NO;
				DEBUG_INFORMATION_FORMAT = "dwarf-with-dsym";
				ENABLE_NS_ASSERTIONS = NO;
				ENABLE_STRICT_OBJC_MSGSEND = YES;
				ENABLE_USER_SCRIPT_SANDBOXING = YES;
				GCC_C_LANGUAGE_STANDARD = gnu17;
				GCC_NO_COMMON_BLOCKS = YES;
				GCC_WARN_64_TO_32_BIT_CONVERSION = YES;
				GCC_WARN_ABOUT_RETURN_TYPE = YES_ERROR;
				GCC_WARN_UNDECLARED_SELECTOR = YES;
				GCC_WARN_UNINITIALIZED_AUTOS = YES_AGGRESSIVE;
				GCC_WARN_UNUSED_FUNCTION = YES;
				GCC_WARN_UNUSED_VARIABLE = YES;
				IPHONEOS_DEPLOYMENT_TARGET = 17.2;
				LOCALIZATION_PREFERS_STRING_CATALOGS = YES;
				MTL_ENABLE_DEBUG_INFO = NO;
				MTL_FAST_MATH = YES;
				SDKROOT = iphoneos;
				SWIFT_COMPILATION_MODE = wholemodule;
				VALIDATE_PRODUCT = YES;
			};
			name = Release;
		};
		CCC3F2942B5E246200A20138 /* Debug */ = {
			isa = XCBuildConfiguration;
			buildSettings = {
				ASSETCATALOG_COMPILER_APPICON_NAME = AppIcon;
				ASSETCATALOG_COMPILER_GLOBAL_ACCENT_COLOR_NAME = AccentColor;
				CODE_SIGN_STYLE = Automatic;
				CURRENT_PROJECT_VERSION = 1;
				DEVELOPMENT_TEAM = 4PY8UK9568;
				GENERATE_INFOPLIST_FILE = YES;
				INFOPLIST_FILE = TicTocToe/Info.plist;
				INFOPLIST_KEY_UIApplicationSupportsIndirectInputEvents = YES;
				INFOPLIST_KEY_UILaunchStoryboardName = LaunchScreen;
				INFOPLIST_KEY_UIMainStoryboardFile = Main;
				INFOPLIST_KEY_UISupportedInterfaceOrientations_iPad = "UIInterfaceOrientationPortrait UIInterfaceOrientationPortraitUpsideDown UIInterfaceOrientationLandscapeLeft UIInterfaceOrientationLandscapeRight";
				INFOPLIST_KEY_UISupportedInterfaceOrientations_iPhone = "UIInterfaceOrientationPortrait UIInterfaceOrientationLandscapeLeft UIInterfaceOrientationLandscapeRight";
				LD_RUNPATH_SEARCH_PATHS = (
					"$(inherited)",
					"@executable_path/Frameworks",
				);
				MARKETING_VERSION = 1.0;
				PRODUCT_BUNDLE_IDENTIFIER = LydiaGuo.TicTocToe;
				PRODUCT_NAME = "$(TARGET_NAME)";
				SWIFT_EMIT_LOC_STRINGS = YES;
				SWIFT_VERSION = 5.0;
				TARGETED_DEVICE_FAMILY = "1,2";
			};
			name = Debug;
		};
		CCC3F2952B5E246200A20138 /* Release */ = {
			isa = XCBuildConfiguration;
			buildSettings = {
				ASSETCATALOG_COMPILER_APPICON_NAME = AppIcon;
				ASSETCATALOG_COMPILER_GLOBAL_ACCENT_COLOR_NAME = AccentColor;
				CODE_SIGN_STYLE = Automatic;
				CURRENT_PROJECT_VERSION = 1;
				DEVELOPMENT_TEAM = 4PY8UK9568;
				GENERATE_INFOPLIST_FILE = YES;
				INFOPLIST_FILE = TicTocToe/Info.plist;
				INFOPLIST_KEY_UIApplicationSupportsIndirectInputEvents = YES;
				INFOPLIST_KEY_UILaunchStoryboardName = LaunchScreen;
				INFOPLIST_KEY_UIMainStoryboardFile = Main;
				INFOPLIST_KEY_UISupportedInterfaceOrientations_iPad = "UIInterfaceOrientationPortrait UIInterfaceOrientationPortraitUpsideDown UIInterfaceOrientationLandscapeLeft UIInterfaceOrientationLandscapeRight";
				INFOPLIST_KEY_UISupportedInterfaceOrientations_iPhone = "UIInterfaceOrientationPortrait UIInterfaceOrientationLandscapeLeft UIInterfaceOrientationLandscapeRight";
				LD_RUNPATH_SEARCH_PATHS = (
					"$(inherited)",
					"@executable_path/Frameworks",
				);
				MARKETING_VERSION = 1.0;
				PRODUCT_BUNDLE_IDENTIFIER = LydiaGuo.TicTocToe;
				PRODUCT_NAME = "$(TARGET_NAME)";
				SWIFT_EMIT_LOC_STRINGS = YES;
				SWIFT_VERSION = 5.0;
				TARGETED_DEVICE_FAMILY = "1,2";
			};
			name = Release;
		};
		CCC3F2972B5E246200A20138 /* Debug */ = {
			isa = XCBuildConfiguration;
			buildSettings = {
				ALWAYS_EMBED_SWIFT_STANDARD_LIBRARIES = YES;
				BUNDLE_LOADER = "$(TEST_HOST)";
				CODE_SIGN_STYLE = Automatic;
				CURRENT_PROJECT_VERSION = 1;
				DEVELOPMENT_TEAM = 4PY8UK9568;
				GENERATE_INFOPLIST_FILE = YES;
				IPHONEOS_DEPLOYMENT_TARGET = 17.2;
				MARKETING_VERSION = 1.0;
				PRODUCT_BUNDLE_IDENTIFIER = LydiaGuo.TicTocToeTests;
				PRODUCT_NAME = "$(TARGET_NAME)";
				SWIFT_EMIT_LOC_STRINGS = NO;
				SWIFT_VERSION = 5.0;
				TARGETED_DEVICE_FAMILY = "1,2";
				TEST_HOST = "$(BUILT_PRODUCTS_DIR)/TicTocToe.app/$(BUNDLE_EXECUTABLE_FOLDER_PATH)/TicTocToe";
			};
			name = Debug;
		};
		CCC3F2982B5E246200A20138 /* Release */ = {
			isa = XCBuildConfiguration;
			buildSettings = {
				ALWAYS_EMBED_SWIFT_STANDARD_LIBRARIES = YES;
				BUNDLE_LOADER = "$(TEST_HOST)";
				CODE_SIGN_STYLE = Automatic;
				CURRENT_PROJECT_VERSION = 1;
				DEVELOPMENT_TEAM = 4PY8UK9568;
				GENERATE_INFOPLIST_FILE = YES;
				IPHONEOS_DEPLOYMENT_TARGET = 17.2;
				MARKETING_VERSION = 1.0;
				PRODUCT_BUNDLE_IDENTIFIER = LydiaGuo.TicTocToeTests;
				PRODUCT_NAME = "$(TARGET_NAME)";
				SWIFT_EMIT_LOC_STRINGS = NO;
				SWIFT_VERSION = 5.0;
				TARGETED_DEVICE_FAMILY = "1,2";
				TEST_HOST = "$(BUILT_PRODUCTS_DIR)/TicTocToe.app/$(BUNDLE_EXECUTABLE_FOLDER_PATH)/TicTocToe";
			};
			name = Release;
		};
		CCC3F29A2B5E246200A20138 /* Debug */ = {
			isa = XCBuildConfiguration;
			buildSettings = {
				ALWAYS_EMBED_SWIFT_STANDARD_LIBRARIES = YES;
				CODE_SIGN_STYLE = Automatic;
				CURRENT_PROJECT_VERSION = 1;
				DEVELOPMENT_TEAM = 4PY8UK9568;
				GENERATE_INFOPLIST_FILE = YES;
				MARKETING_VERSION = 1.0;
				PRODUCT_BUNDLE_IDENTIFIER = LydiaGuo.TicTocToeUITests;
				PRODUCT_NAME = "$(TARGET_NAME)";
				SWIFT_EMIT_LOC_STRINGS = NO;
				SWIFT_VERSION = 5.0;
				TARGETED_DEVICE_FAMILY = "1,2";
				TEST_TARGET_NAME = TicTocToe;
			};
			name = Debug;
		};
		CCC3F29B2B5E246200A20138 /* Release */ = {
			isa = XCBuildConfiguration;
			buildSettings = {
				ALWAYS_EMBED_SWIFT_STANDARD_LIBRARIES = YES;
				CODE_SIGN_STYLE = Automatic;
				CURRENT_PROJECT_VERSION = 1;
				DEVELOPMENT_TEAM = 4PY8UK9568;
				GENERATE_INFOPLIST_FILE = YES;
				MARKETING_VERSION = 1.0;
				PRODUCT_BUNDLE_IDENTIFIER = LydiaGuo.TicTocToeUITests;
				PRODUCT_NAME = "$(TARGET_NAME)";
				SWIFT_EMIT_LOC_STRINGS = NO;
				SWIFT_VERSION = 5.0;
				TARGETED_DEVICE_FAMILY = "1,2";
				TEST_TARGET_NAME = TicTocToe;
			};
			name = Release;
		};
/* End XCBuildConfiguration section */

/* Begin XCConfigurationList section */
		CCC3F2642B5E246100A20138 /* Build configuration list for PBXProject "TicTocToe" */ = {
			isa = XCConfigurationList;
			buildConfigurations = (
				CCC3F2912B5E246200A20138 /* Debug */,
				CCC3F2922B5E246200A20138 /* Release */,
			);
			defaultConfigurationIsVisible = 0;
			defaultConfigurationName = Release;
		};
		CCC3F2932B5E246200A20138 /* Build configuration list for PBXNativeTarget "TicTocToe" */ = {
			isa = XCConfigurationList;
			buildConfigurations = (
				CCC3F2942B5E246200A20138 /* Debug */,
				CCC3F2952B5E246200A20138 /* Release */,
			);
			defaultConfigurationIsVisible = 0;
			defaultConfigurationName = Release;
		};
		CCC3F2962B5E246200A20138 /* Build configuration list for PBXNativeTarget "TicTocToeTests" */ = {
			isa = XCConfigurationList;
			buildConfigurations = (
				CCC3F2972B5E246200A20138 /* Debug */,
				CCC3F2982B5E246200A20138 /* Release */,
			);
			defaultConfigurationIsVisible = 0;
			defaultConfigurationName = Release;
		};
		CCC3F2992B5E246200A20138 /* Build configuration list for PBXNativeTarget "TicTocToeUITests" */ = {
			isa = XCConfigurationList;
			buildConfigurations = (
				CCC3F29A2B5E246200A20138 /* Debug */,
				CCC3F29B2B5E246200A20138 /* Release */,
			);
			defaultConfigurationIsVisible = 0;
			defaultConfigurationName = Release;
		};
/* End XCConfigurationList section */
	};
	rootObject = CCC3F2612B5E246100A20138 /* Project object */;
}
